
Microsoft Visual Studio Solution File, Format Version 12.00
# Visual Studio 15
VisualStudioVersion = 15.0.28010.2048
MinimumVisualStudioVersion = 10.0.40219.1
Project("{FAE04EC0-301F-11D3-BF4B-00C04F79EFBC}") = "Demo 2", "Demo 2\Demo 2.csproj", "{B36FC44A-C312-4429-86DD-9CA30D4740FD}"
EndProject
Global
	GlobalSection(SolutionConfigurationPlatforms) = preSolution
		Debug|Any CPU = Debug|Any CPU
		Release|Any CPU = Release|Any CPU
	EndGlobalSection
	GlobalSection(ProjectConfigurationPlatforms) = postSolution
		{B36FC44A-C312-4429-86DD-9CA30D4740FD}.Debug|Any CPU.ActiveCfg = Debug|Any CPU
		{B36FC44A-C312-4429-86DD-9CA30D4740FD}.Debug|Any CPU.Build.0 = Debug|Any CPU
		{B36FC44A-C312-4429-86DD-9CA30D4740FD}.Release|Any CPU.ActiveCfg = Release|Any CPU
		{B36FC44A-C312-4429-86DD-9CA30D4740FD}.Release|Any CPU.Build.0 = Release|Any CPU
	EndGlobalSection
	GlobalSection(SolutionProperties) = preSolution
		HideSolutionNode = FALSE
	EndGlobalSection
	GlobalSection(ExtensibilityGlobals) = postSolution
		SolutionGuid = {EE703E6B-B43C-4C6D-8369-6DF12C304C50}
	EndGlobalSection
EndGlobal
